
Microsoft Visual Studio Solution File, Format Version 12.00
# Visual Studio Version 17
VisualStudioVersion = 17.6.33815.320
MinimumVisualStudioVersion = 10.0.40219.1
Project("{FAE04EC0-301F-11D3-BF4B-00C04F79EFBC}") = "10gyak", "10gyak.csproj", "{5643EE52-FA64-4653-87CF-94EB6C86BEC5}"
EndProject
Global
	GlobalSection(SolutionConfigurationPlatforms) = preSolution
		Debug|Any CPU = Debug|Any CPU
		Release|Any CPU = Release|Any CPU
	EndGlobalSection
	GlobalSection(ProjectConfigurationPlatforms) = postSolution
		{5643EE52-FA64-4653-87CF-94EB6C86BEC5}.Debug|Any CPU.ActiveCfg = Debug|Any CPU
		{5643EE52-FA64-4653-87CF-94EB6C86BEC5}.Debug|Any CPU.Build.0 = Debug|Any CPU
		{5643EE52-FA64-4653-87CF-94EB6C86BEC5}.Release|Any CPU.ActiveCfg = Release|Any CPU
		{5643EE52-FA64-4653-87CF-94EB6C86BEC5}.Release|Any CPU.Build.0 = Release|Any CPU
	EndGlobalSection
	GlobalSection(SolutionProperties) = preSolution
		HideSolutionNode = FALSE
	EndGlobalSection
	GlobalSection(ExtensibilityGlobals) = postSolution
		SolutionGuid = {B14B1D9A-152A-46AF-82D5-CE604F25D1FD}
	EndGlobalSection
EndGlobal
